{
    "_readme": [
        "This file locks the dependencies of your project to a known state",
        "Read more about it at https://getcomposer.org/doc/01-basic-usage.md#installing-dependencies",
        "This file is @generated automatically"
    ],
    "content-hash": "de760534d21940348907244bce34288a",
    "packages": [
        {
            "name": "zelenin/elo",
            "version": "dev-master",
            "source": {
                "type": "git",
                "url": "https://github.com/zelenin/elo.git",
                "reference": "88aac22d7d4c83a337250d73089342f903543529"
            },
            "dist": {
                "type": "zip",
                "url": "https://api.github.com/repos/zelenin/elo/zipball/88aac22d7d4c83a337250d73089342f903543529",
                "reference": "88aac22d7d4c83a337250d73089342f903543529",
                "shasum": ""
            },
            "require": {
                "php": ">=5.3.0"
            },
            "type": "library",
            "autoload": {
                "psr-4": {
                    "Zelenin\\Elo\\": ""
                }
            },
            "notification-url": "https://packagist.org/downloads/",
            "license": [
                "MIT"
            ],
            "authors": [
                {
                    "name": "Aleksandr Zelenin",
                    "email": "aleksandr@zelenin.me",
                    "homepage": "http://zelenin.me",
                    "role": "Developer"
                }
            ],
            "description": "A PHP implementation of Elo rating system",
            "homepage": "https://github.com/zelenin/elo",
            "keywords": [
                "Rating",
                "elo",
                "ranking"
            ],
            "time": "2014-06-17T00:00:00+00:00"
        }
    ],
    "packages-dev": [],
    "aliases": [],
    "minimum-stability": "stable",
    "stability-flags": {
        "zelenin/elo": 20
    },
    "prefer-stable": false,
    "prefer-lowest": false,
    "platform": [],
    "platform-dev": [],
    "plugin-api-version": "1.1.0"
}
